
Microsoft Visual Studio Solution File, Format Version 12.00
# Visual Studio 2012
Project("{FAE04EC0-301F-11D3-BF4B-00C04F79EFBC}") = "CodeJewels.Models", "CodeJewels.Models\CodeJewels.Models.csproj", "{11F5D07A-FB89-454D-AFE2-1CB6325A7D83}"
EndProject
Project("{FAE04EC0-301F-11D3-BF4B-00C04F79EFBC}") = "CodeJewels.Data", "CodeJewels.Data\CodeJewels.Data.csproj", "{055DDF5A-2772-4B14-860D-1B90EAA8B5B1}"
EndProject
Project("{FAE04EC0-301F-11D3-BF4B-00C04F79EFBC}") = "CodeJewels.Service", "CodeJewels.Service\CodeJewels.Service.csproj", "{4A4A190F-E2BB-4F59-B1BC-B4F135D50534}"
EndProject
Project("{2150E333-8FDC-42A3-9474-1A3956D46DE8}") = ".nuget", ".nuget", "{467B8709-D9B7-4174-AF9D-634CEE6321B9}"
	ProjectSection(SolutionItems) = preProject
		.nuget\NuGet.Config = .nuget\NuGet.Config
		.nuget\NuGet.exe = .nuget\NuGet.exe
		.nuget\NuGet.targets = .nuget\NuGet.targets
	EndProjectSection
EndProject
Global
	GlobalSection(SolutionConfigurationPlatforms) = preSolution
		Debug|Any CPU = Debug|Any CPU
		Release|Any CPU = Release|Any CPU
	EndGlobalSection
	GlobalSection(ProjectConfigurationPlatforms) = postSolution
		{11F5D07A-FB89-454D-AFE2-1CB6325A7D83}.Debug|Any CPU.ActiveCfg = Debug|Any CPU
		{11F5D07A-FB89-454D-AFE2-1CB6325A7D83}.Debug|Any CPU.Build.0 = Debug|Any CPU
		{11F5D07A-FB89-454D-AFE2-1CB6325A7D83}.Release|Any CPU.ActiveCfg = Release|Any CPU
		{11F5D07A-FB89-454D-AFE2-1CB6325A7D83}.Release|Any CPU.Build.0 = Release|Any CPU
		{055DDF5A-2772-4B14-860D-1B90EAA8B5B1}.Debug|Any CPU.ActiveCfg = Debug|Any CPU
		{055DDF5A-2772-4B14-860D-1B90EAA8B5B1}.Debug|Any CPU.Build.0 = Debug|Any CPU
		{055DDF5A-2772-4B14-860D-1B90EAA8B5B1}.Release|Any CPU.ActiveCfg = Release|Any CPU
		{055DDF5A-2772-4B14-860D-1B90EAA8B5B1}.Release|Any CPU.Build.0 = Release|Any CPU
		{4A4A190F-E2BB-4F59-B1BC-B4F135D50534}.Debug|Any CPU.ActiveCfg = Debug|Any CPU
		{4A4A190F-E2BB-4F59-B1BC-B4F135D50534}.Debug|Any CPU.Build.0 = Debug|Any CPU
		{4A4A190F-E2BB-4F59-B1BC-B4F135D50534}.Release|Any CPU.ActiveCfg = Release|Any CPU
		{4A4A190F-E2BB-4F59-B1BC-B4F135D50534}.Release|Any CPU.Build.0 = Release|Any CPU
	EndGlobalSection
	GlobalSection(SolutionProperties) = preSolution
		HideSolutionNode = FALSE
	EndGlobalSection
EndGlobal
